{
  "name": "@uniport/card",
  "version": "0.0.0",
  "lockfileVersion": 2,
  "requires": true,
  "packages": {
    "": {
      "name": "@uniport/card",
      "version": "0.0.0",
      "license": "MIT",
      "bin": {
        "uniport": "bin/card.js"
      },
      "engines": {
        "node": ">=14.14"
      }
    }
  }
}
